
Microsoft Visual Studio Solution File, Format Version 12.00
# Visual Studio Version 17
VisualStudioVersion = 17.5.33530.505
MinimumVisualStudioVersion = 10.0.40219.1
Project("{FAE04EC0-301F-11D3-BF4B-00C04F79EFBC}") = "Generador dfe numeros aleatorios", "Generador dfe numeros aleatorios\Generador dfe numeros aleatorios.csproj", "{147BB6F7-C798-4B0E-86E4-B3451938D7D1}"
EndProject
Global
	GlobalSection(SolutionConfigurationPlatforms) = preSolution
		Debug|Any CPU = Debug|Any CPU
		Release|Any CPU = Release|Any CPU
	EndGlobalSection
	GlobalSection(ProjectConfigurationPlatforms) = postSolution
		{147BB6F7-C798-4B0E-86E4-B3451938D7D1}.Debug|Any CPU.ActiveCfg = Debug|Any CPU
		{147BB6F7-C798-4B0E-86E4-B3451938D7D1}.Debug|Any CPU.Build.0 = Debug|Any CPU
		{147BB6F7-C798-4B0E-86E4-B3451938D7D1}.Release|Any CPU.ActiveCfg = Release|Any CPU
		{147BB6F7-C798-4B0E-86E4-B3451938D7D1}.Release|Any CPU.Build.0 = Release|Any CPU
	EndGlobalSection
	GlobalSection(SolutionProperties) = preSolution
		HideSolutionNode = FALSE
	EndGlobalSection
	GlobalSection(ExtensibilityGlobals) = postSolution
		SolutionGuid = {91E798AD-A8CD-411F-B080-C16ED1258578}
	EndGlobalSection
EndGlobal
